// !$*UTF8*$!
{
	archiveVersion = 1;
	classes = {
	};
	objectVersion = 51;
	objects = {

/* Begin PBXBuildFile section */
		790BE5D02559A123005582E8 /* Future.swift in Sources */ = {isa = PBXBuildFile; fileRef = 790BE5CF2559A123005582E8 /* Future.swift */; };
		792BA4E52521BBA900F34670 /* ApiManager.swift in Sources */ = {isa = PBXBuildFile; fileRef = 792BA4E42521BBA900F34670 /* ApiManager.swift */; };
		792BA4E92521BC2200F34670 /* FriendsService.swift in Sources */ = {isa = PBXBuildFile; fileRef = 792BA4E82521BC2200F34670 /* FriendsService.swift */; };
		792BA4ED2521C02700F34670 /* FriendListViewController.swift in Sources */ = {isa = PBXBuildFile; fileRef = 792BA4EC2521C02700F34670 /* FriendListViewController.swift */; };
		79526634251CDBAB009179C2 /* AppDelegate.swift in Sources */ = {isa = PBXBuildFile; fileRef = 79526633251CDBAB009179C2 /* AppDelegate.swift */; };
		79526636251CDBAB009179C2 /* SceneDelegate.swift in Sources */ = {isa = PBXBuildFile; fileRef = 79526635251CDBAB009179C2 /* SceneDelegate.swift */; };
		79526638251CDBAB009179C2 /* WKAutorizationViewController.swift in Sources */ = {isa = PBXBuildFile; fileRef = 79526637251CDBAB009179C2 /* WKAutorizationViewController.swift */; };
		7952663D251CDBAE009179C2 /* Assets.xcassets in Resources */ = {isa = PBXBuildFile; fileRef = 7952663C251CDBAE009179C2 /* Assets.xcassets */; };
		79526640251CDBAE009179C2 /* LaunchScreen.storyboard in Resources */ = {isa = PBXBuildFile; fileRef = 7952663E251CDBAE009179C2 /* LaunchScreen.storyboard */; };
		7952664C251CDC80009179C2 /* WKAutorizationView.swift in Sources */ = {isa = PBXBuildFile; fileRef = 7952664B251CDC80009179C2 /* WKAutorizationView.swift */; };
		7982D6172558A13D00D7AF42 /* FriendsView.swift in Sources */ = {isa = PBXBuildFile; fileRef = 7982D6162558A13D00D7AF42 /* FriendsView.swift */; };
		7982D61A2558AB2400D7AF42 /* VKResponse.swift in Sources */ = {isa = PBXBuildFile; fileRef = 7982D6192558AB2300D7AF42 /* VKResponse.swift */; };
		7982D61D2558ABA900D7AF42 /* FriendInfo.swift in Sources */ = {isa = PBXBuildFile; fileRef = 7982D61C2558ABA900D7AF42 /* FriendInfo.swift */; };
		FB4C40533CDB4D3FE53D9E26 /* Pods_apiLesson.framework in Frameworks */ = {isa = PBXBuildFile; fileRef = 1A26314C887E92362835D264 /* Pods_apiLesson.framework */; };
/* End PBXBuildFile section */

/* Begin PBXFileReference section */
		1A26314C887E92362835D264 /* Pods_apiLesson.framework */ = {isa = PBXFileReference; explicitFileType = wrapper.framework; includeInIndex = 0; path = Pods_apiLesson.framework; sourceTree = BUILT_PRODUCTS_DIR; };
		5E58729DC09486D6187D16CC /* Pods-apiLesson.debug.xcconfig */ = {isa = PBXFileReference; includeInIndex = 1; lastKnownFileType = text.xcconfig; name = "Pods-apiLesson.debug.xcconfig"; path = "Target Support Files/Pods-apiLesson/Pods-apiLesson.debug.xcconfig"; sourceTree = "<group>"; };
		790BE5CF2559A123005582E8 /* Future.swift */ = {isa = PBXFileReference; lastKnownFileType = sourcecode.swift; path = Future.swift; sourceTree = "<group>"; };
		792BA4E42521BBA900F34670 /* ApiManager.swift */ = {isa = PBXFileReference; lastKnownFileType = sourcecode.swift; path = ApiManager.swift; sourceTree = "<group>"; };
		792BA4E82521BC2200F34670 /* FriendsService.swift */ = {isa = PBXFileReference; lastKnownFileType = sourcecode.swift; path = FriendsService.swift; sourceTree = "<group>"; };
		792BA4EC2521C02700F34670 /* FriendListViewController.swift */ = {isa = PBXFileReference; lastKnownFileType = sourcecode.swift; path = FriendListViewController.swift; sourceTree = "<group>"; };
		79526630251CDBAB009179C2 /* apiLesson.app */ = {isa = PBXFileReference; explicitFileType = wrapper.application; includeInIndex = 0; path = apiLesson.app; sourceTree = BUILT_PRODUCTS_DIR; };
		79526633251CDBAB009179C2 /* AppDelegate.swift */ = {isa = PBXFileReference; lastKnownFileType = sourcecode.swift; path = AppDelegate.swift; sourceTree = "<group>"; };
		79526635251CDBAB009179C2 /* SceneDelegate.swift */ = {isa = PBXFileReference; lastKnownFileType = sourcecode.swift; path = SceneDelegate.swift; sourceTree = "<group>"; };
		79526637251CDBAB009179C2 /* WKAutorizationViewController.swift */ = {isa = PBXFileReference; lastKnownFileType = sourcecode.swift; path = WKAutorizationViewController.swift; sourceTree = "<group>"; };
		7952663C251CDBAE009179C2 /* Assets.xcassets */ = {isa = PBXFileReference; lastKnownFileType = folder.assetcatalog; path = Assets.xcassets; sourceTree = "<group>"; };
		7952663F251CDBAE009179C2 /* Base */ = {isa = PBXFileReference; lastKnownFileType = file.storyboard; name = Base; path = Base.lproj/LaunchScreen.storyboard; sourceTree = "<group>"; };
		79526641251CDBAE009179C2 /* Info.plist */ = {isa = PBXFileReference; lastKnownFileType = text.plist.xml; path = Info.plist; sourceTree = "<group>"; };
		7952664B251CDC80009179C2 /* WKAutorizationView.swift */ = {isa = PBXFileReference; lastKnownFileType = sourcecode.swift; path = WKAutorizationView.swift; sourceTree = "<group>"; };
		7982D6162558A13D00D7AF42 /* FriendsView.swift */ = {isa = PBXFileReference; lastKnownFileType = sourcecode.swift; path = FriendsView.swift; sourceTree = "<group>"; };
		7982D6192558AB2300D7AF42 /* VKResponse.swift */ = {isa = PBXFileReference; lastKnownFileType = sourcecode.swift; path = VKResponse.swift; sourceTree = "<group>"; };
		7982D61C2558ABA900D7AF42 /* FriendInfo.swift */ = {isa = PBXFileReference; lastKnownFileType = sourcecode.swift; path = FriendInfo.swift; sourceTree = "<group>"; };
		FE67A351283EFE18E9433293 /* Pods-apiLesson.release.xcconfig */ = {isa = PBXFileReference; includeInIndex = 1; lastKnownFileType = text.xcconfig; name = "Pods-apiLesson.release.xcconfig"; path = "Target Support Files/Pods-apiLesson/Pods-apiLesson.release.xcconfig"; sourceTree = "<group>"; };
/* End PBXFileReference section */

/* Begin PBXFrameworksBuildPhase section */
		7952662D251CDBAA009179C2 /* Frameworks */ = {
			isa = PBXFrameworksBuildPhase;
			buildActionMask = 2147483647;
			files = (
				FB4C40533CDB4D3FE53D9E26 /* Pods_apiLesson.framework in Frameworks */,
			);
			runOnlyForDeploymentPostprocessing = 0;
		};
/* End PBXFrameworksBuildPhase section */

/* Begin PBXGroup section */
		3E33603004B2086C58A1DAE6 /* Pods */ = {
			isa = PBXGroup;
			children = (
				5E58729DC09486D6187D16CC /* Pods-apiLesson.debug.xcconfig */,
				FE67A351283EFE18E9433293 /* Pods-apiLesson.release.xcconfig */,
			);
			path = Pods;
			sourceTree = "<group>";
		};
		74D5474D057979A259F32D58 /* Frameworks */ = {
			isa = PBXGroup;
			children = (
				1A26314C887E92362835D264 /* Pods_apiLesson.framework */,
			);
			name = Frameworks;
			sourceTree = "<group>";
		};
		790BE5CE2559A101005582E8 /* Utils */ = {
			isa = PBXGroup;
			children = (
				790BE5CF2559A123005582E8 /* Future.swift */,
			);
			path = Utils;
			sourceTree = "<group>";
		};
		792BA4DE2521BB1C00F34670 /* Supported Files */ = {
			isa = PBXGroup;
			children = (
				79526641251CDBAE009179C2 /* Info.plist */,
				7952663C251CDBAE009179C2 /* Assets.xcassets */,
				79526633251CDBAB009179C2 /* AppDelegate.swift */,
				79526635251CDBAB009179C2 /* SceneDelegate.swift */,
			);
			path = "Supported Files";
			sourceTree = "<group>";
		};
		792BA4E22521BB8F00F34670 /* Presentation */ = {
			isa = PBXGroup;
			children = (
				7952664E251CDC89009179C2 /* WKAutorization */,
				7982D61425589F3E00D7AF42 /* Friends */,
			);
			path = Presentation;
			sourceTree = "<group>";
		};
		792BA4E72521BBAE00F34670 /* Api */ = {
			isa = PBXGroup;
			children = (
				792BA4E42521BBA900F34670 /* ApiManager.swift */,
				792BA4E82521BC2200F34670 /* FriendsService.swift */,
			);
			path = Api;
			sourceTree = "<group>";
		};
		79526627251CDBAA009179C2 = {
			isa = PBXGroup;
			children = (
				79526632251CDBAB009179C2 /* apiLesson */,
				79526631251CDBAB009179C2 /* Products */,
				3E33603004B2086C58A1DAE6 /* Pods */,
				74D5474D057979A259F32D58 /* Frameworks */,
			);
			sourceTree = "<group>";
		};
		79526631251CDBAB009179C2 /* Products */ = {
			isa = PBXGroup;
			children = (
				79526630251CDBAB009179C2 /* apiLesson.app */,
			);
			name = Products;
			sourceTree = "<group>";
		};
		79526632251CDBAB009179C2 /* apiLesson */ = {
			isa = PBXGroup;
			children = (
				792BA4E22521BB8F00F34670 /* Presentation */,
				792BA4DE2521BB1C00F34670 /* Supported Files */,
				790BE5CE2559A101005582E8 /* Utils */,
				7952663E251CDBAE009179C2 /* LaunchScreen.storyboard */,
				7982D6252558AC9500D7AF42 /* Network */,
			);
			path = apiLesson;
			sourceTree = "<group>";
		};
		7952664E251CDC89009179C2 /* WKAutorization */ = {
			isa = PBXGroup;
			children = (
				79526637251CDBAB009179C2 /* WKAutorizationViewController.swift */,
				7952664B251CDC80009179C2 /* WKAutorizationView.swift */,
			);
			path = WKAutorization;
			sourceTree = "<group>";
		};
		7982D61425589F3E00D7AF42 /* Friends */ = {
			isa = PBXGroup;
			children = (
				792BA4EC2521C02700F34670 /* FriendListViewController.swift */,
				7982D6162558A13D00D7AF42 /* FriendsView.swift */,
			);
			path = Friends;
			sourceTree = "<group>";
		};
		7982D61F2558ABB300D7AF42 /* Entities */ = {
			isa = PBXGroup;
			children = (
				7982D61C2558ABA900D7AF42 /* FriendInfo.swift */,
				7982D6192558AB2300D7AF42 /* VKResponse.swift */,
			);
			path = Entities;
			sourceTree = "<group>";
		};
		7982D6252558AC9500D7AF42 /* Network */ = {
			isa = PBXGroup;
			children = (
				7982D61F2558ABB300D7AF42 /* Entities */,
				792BA4E72521BBAE00F34670 /* Api */,
			);
			path = Network;
			sourceTree = "<group>";
		};
/* End PBXGroup section */

/* Begin PBXNativeTarget section */
		7952662F251CDBAA009179C2 /* apiLesson */ = {
			isa = PBXNativeTarget;
			buildConfigurationList = 79526644251CDBAE009179C2 /* Build configuration list for PBXNativeTarget "apiLesson" */;
			buildPhases = (
				15D15D4C49DCED703CEF9463 /* [CP] Check Pods Manifest.lock */,
				7952662C251CDBAA009179C2 /* Sources */,
				7952662D251CDBAA009179C2 /* Frameworks */,
				7952662E251CDBAA009179C2 /* Resources */,
				4E5202D32055A705CF313E21 /* [CP] Embed Pods Frameworks */,
			);
			buildRules = (
			);
			dependencies = (
			);
			name = apiLesson;
			productName = apiLesson;
			productReference = 79526630251CDBAB009179C2 /* apiLesson.app */;
			productType = "com.apple.product-type.application";
		};
/* End PBXNativeTarget section */

/* Begin PBXProject section */
		79526628251CDBAA009179C2 /* Project object */ = {
			isa = PBXProject;
			attributes = {
				LastSwiftUpdateCheck = 1200;
				LastUpgradeCheck = 1200;
				TargetAttributes = {
					7952662F251CDBAA009179C2 = {
						CreatedOnToolsVersion = 12.0;
					};
				};
			};
			buildConfigurationList = 7952662B251CDBAA009179C2 /* Build configuration list for PBXProject "apiLesson" */;
			compatibilityVersion = "Xcode 9.3";
			developmentRegion = en;
			hasScannedForEncodings = 0;
			knownRegions = (
				en,
				Base,
			);
			mainGroup = 79526627251CDBAA009179C2;
			productRefGroup = 79526631251CDBAB009179C2 /* Products */;
			projectDirPath = "";
			projectRoot = "";
			targets = (
				7952662F251CDBAA009179C2 /* apiLesson */,
			);
		};
/* End PBXProject section */

/* Begin PBXResourcesBuildPhase section */
		7952662E251CDBAA009179C2 /* Resources */ = {
			isa = PBXResourcesBuildPhase;
			buildActionMask = 2147483647;
			files = (
				79526640251CDBAE009179C2 /* LaunchScreen.storyboard in Resources */,
				7952663D251CDBAE009179C2 /* Assets.xcassets in Resources */,
			);
			runOnlyForDeploymentPostprocessing = 0;
		};
/* End PBXResourcesBuildPhase section */

/* Begin PBXShellScriptBuildPhase section */
		15D15D4C49DCED703CEF9463 /* [CP] Check Pods Manifest.lock */ = {
			isa = PBXShellScriptBuildPhase;
			buildActionMask = 2147483647;
			files = (
			);
			inputFileListPaths = (
			);
			inputPaths = (
				"${PODS_PODFILE_DIR_PATH}/Podfile.lock",
				"${PODS_ROOT}/Manifest.lock",
			);
			name = "[CP] Check Pods Manifest.lock";
			outputFileListPaths = (
			);
			outputPaths = (
				"$(DERIVED_FILE_DIR)/Pods-apiLesson-checkManifestLockResult.txt",
			);
			runOnlyForDeploymentPostprocessing = 0;
			shellPath = /bin/sh;
			shellScript = "diff \"${PODS_PODFILE_DIR_PATH}/Podfile.lock\" \"${PODS_ROOT}/Manifest.lock\" > /dev/null\nif [ $? != 0 ] ; then\n    # print error to STDERR\n    echo \"error: The sandbox is not in sync with the Podfile.lock. Run 'pod install' or update your CocoaPods installation.\" >&2\n    exit 1\nfi\n# This output is used by Xcode 'outputs' to avoid re-running this script phase.\necho \"SUCCESS\" > \"${SCRIPT_OUTPUT_FILE_0}\"\n";
			showEnvVarsInLog = 0;
		};
		4E5202D32055A705CF313E21 /* [CP] Embed Pods Frameworks */ = {
			isa = PBXShellScriptBuildPhase;
			buildActionMask = 2147483647;
			files = (
			);
			inputFileListPaths = (
				"${PODS_ROOT}/Target Support Files/Pods-apiLesson/Pods-apiLesson-frameworks-${CONFIGURATION}-input-files.xcfilelist",
			);
			name = "[CP] Embed Pods Frameworks";
			outputFileListPaths = (
				"${PODS_ROOT}/Target Support Files/Pods-apiLesson/Pods-apiLesson-frameworks-${CONFIGURATION}-output-files.xcfilelist",
			);
			runOnlyForDeploymentPostprocessing = 0;
			shellPath = /bin/sh;
			shellScript = "\"${PODS_ROOT}/Target Support Files/Pods-apiLesson/Pods-apiLesson-frameworks.sh\"\n";
			showEnvVarsInLog = 0;
		};
/* End PBXShellScriptBuildPhase section */

/* Begin PBXSourcesBuildPhase section */
		7952662C251CDBAA009179C2 /* Sources */ = {
			isa = PBXSourcesBuildPhase;
			buildActionMask = 2147483647;
			files = (
				79526638251CDBAB009179C2 /* WKAutorizationViewController.swift in Sources */,
				792BA4E92521BC2200F34670 /* FriendsService.swift in Sources */,
				7982D6172558A13D00D7AF42 /* FriendsView.swift in Sources */,
				7952664C251CDC80009179C2 /* WKAutorizationView.swift in Sources */,
				792BA4E52521BBA900F34670 /* ApiManager.swift in Sources */,
				7982D61A2558AB2400D7AF42 /* VKResponse.swift in Sources */,
				792BA4ED2521C02700F34670 /* FriendListViewController.swift in Sources */,
				79526634251CDBAB009179C2 /* AppDelegate.swift in Sources */,
				790BE5D02559A123005582E8 /* Future.swift in Sources */,
				79526636251CDBAB009179C2 /* SceneDelegate.swift in Sources */,
				7982D61D2558ABA900D7AF42 /* FriendInfo.swift in Sources */,
			);
			runOnlyForDeploymentPostprocessing = 0;
		};
/* End PBXSourcesBuildPhase section */

/* Begin PBXVariantGroup section */
		7952663E251CDBAE009179C2 /* LaunchScreen.storyboard */ = {
			isa = PBXVariantGroup;
			children = (
				7952663F251CDBAE009179C2 /* Base */,
			);
			name = LaunchScreen.storyboard;
			sourceTree = "<group>";
		};
/* End PBXVariantGroup section */

/* Begin XCBuildConfiguration section */
		79526642251CDBAE009179C2 /* Debug */ = {
			isa = XCBuildConfiguration;
			buildSettings = {
				ALWAYS_SEARCH_USER_PATHS = NO;
				CLANG_ANALYZER_NONNULL = YES;
				CLANG_ANALYZER_NUMBER_OBJECT_CONVERSION = YES_AGGRESSIVE;
				CLANG_CXX_LANGUAGE_STANDARD = "gnu++14";
				CLANG_CXX_LIBRARY = "libc++";
				CLANG_ENABLE_MODULES = YES;
				CLANG_ENABLE_OBJC_ARC = YES;
				CLANG_ENABLE_OBJC_WEAK = YES;
				CLANG_WARN_BLOCK_CAPTURE_AUTORELEASING = YES;
				CLANG_WARN_BOOL_CONVERSION = YES;
				CLANG_WARN_COMMA = YES;
				CLANG_WARN_CONSTANT_CONVERSION = YES;
				CLANG_WARN_DEPRECATED_OBJC_IMPLEMENTATIONS = YES;
				CLANG_WARN_DIRECT_OBJC_ISA_USAGE = YES_ERROR;
				CLANG_WARN_DOCUMENTATION_COMMENTS = YES;
				CLANG_WARN_EMPTY_BODY = YES;
				CLANG_WARN_ENUM_CONVERSION = YES;
				CLANG_WARN_INFINITE_RECURSION = YES;
				CLANG_WARN_INT_CONVERSION = YES;
				CLANG_WARN_NON_LITERAL_NULL_CONVERSION = YES;
				CLANG_WARN_OBJC_IMPLICIT_RETAIN_SELF = YES;
				CLANG_WARN_OBJC_LITERAL_CONVERSION = YES;
				CLANG_WARN_OBJC_ROOT_CLASS = YES_ERROR;
				CLANG_WARN_QUOTED_INCLUDE_IN_FRAMEWORK_HEADER = YES;
				CLANG_WARN_RANGE_LOOP_ANALYSIS = YES;
				CLANG_WARN_STRICT_PROTOTYPES = YES;
				CLANG_WARN_SUSPICIOUS_MOVE = YES;
				CLANG_WARN_UNGUARDED_AVAILABILITY = YES_AGGRESSIVE;
				CLANG_WARN_UNREACHABLE_CODE = YES;
				CLANG_WARN__DUPLICATE_METHOD_MATCH = YES;
				COPY_PHASE_STRIP = NO;
				DEBUG_INFORMATION_FORMAT = dwarf;
				ENABLE_STRICT_OBJC_MSGSEND = YES;
				ENABLE_TESTABILITY = YES;
				GCC_C_LANGUAGE_STANDARD = gnu11;
				GCC_DYNAMIC_NO_PIC = NO;
				GCC_NO_COMMON_BLOCKS = YES;
				GCC_OPTIMIZATION_LEVEL = 0;
				GCC_PREPROCESSOR_DEFINITIONS = (
					"DEBUG=1",
					"$(inherited)",
				);
				GCC_WARN_64_TO_32_BIT_CONVERSION = YES;
				GCC_WARN_ABOUT_RETURN_TYPE = YES_ERROR;
				GCC_WARN_UNDECLARED_SELECTOR = YES;
				GCC_WARN_UNINITIALIZED_AUTOS = YES_AGGRESSIVE;
				GCC_WARN_UNUSED_FUNCTION = YES;
				GCC_WARN_UNUSED_VARIABLE = YES;
				IPHONEOS_DEPLOYMENT_TARGET = 14.0;
				MTL_ENABLE_DEBUG_INFO = INCLUDE_SOURCE;
				MTL_FAST_MATH = YES;
				ONLY_ACTIVE_ARCH = YES;
				SDKROOT = iphoneos;
				SWIFT_ACTIVE_COMPILATION_CONDITIONS = DEBUG;
				SWIFT_OPTIMIZATION_LEVEL = "-Onone";
			};
			name = Debug;
		};
		79526643251CDBAE009179C2 /* Release */ = {
			isa = XCBuildConfiguration;
			buildSettings = {
				ALWAYS_SEARCH_USER_PATHS = NO;
				CLANG_ANALYZER_NONNULL = YES;
				CLANG_ANALYZER_NUMBER_OBJECT_CONVERSION = YES_AGGRESSIVE;
				CLANG_CXX_LANGUAGE_STANDARD = "gnu++14";
				CLANG_CXX_LIBRARY = "libc++";
				CLANG_ENABLE_MODULES = YES;
				CLANG_ENABLE_OBJC_ARC = YES;
				CLANG_ENABLE_OBJC_WEAK = YES;
				CLANG_WARN_BLOCK_CAPTURE_AUTORELEASING = YES;
				CLANG_WARN_BOOL_CONVERSION = YES;
				CLANG_WARN_COMMA = YES;
				CLANG_WARN_CONSTANT_CONVERSION = YES;
				CLANG_WARN_DEPRECATED_OBJC_IMPLEMENTATIONS = YES;
				CLANG_WARN_DIRECT_OBJC_ISA_USAGE = YES_ERROR;
				CLANG_WARN_DOCUMENTATION_COMMENTS = YES;
				CLANG_WARN_EMPTY_BODY = YES;
				CLANG_WARN_ENUM_CONVERSION = YES;
				CLANG_WARN_INFINITE_RECURSION = YES;
				CLANG_WARN_INT_CONVERSION = YES;
				CLANG_WARN_NON_LITERAL_NULL_CONVERSION = YES;
				CLANG_WARN_OBJC_IMPLICIT_RETAIN_SELF = YES;
				CLANG_WARN_OBJC_LITERAL_CONVERSION = YES;
				CLANG_WARN_OBJC_ROOT_CLASS = YES_ERROR;
				CLANG_WARN_QUOTED_INCLUDE_IN_FRAMEWORK_HEADER = YES;
				CLANG_WARN_RANGE_LOOP_ANALYSIS = YES;
				CLANG_WARN_STRICT_PROTOTYPES = YES;
				CLANG_WARN_SUSPICIOUS_MOVE = YES;
				CLANG_WARN_UNGUARDED_AVAILABILITY = YES_AGGRESSIVE;
				CLANG_WARN_UNREACHABLE_CODE = YES;
				CLANG_WARN__DUPLICATE_METHOD_MATCH = YES;
				COPY_PHASE_STRIP = NO;
				DEBUG_INFORMATION_FORMAT = "dwarf-with-dsym";
				ENABLE_NS_ASSERTIONS = NO;
				ENABLE_STRICT_OBJC_MSGSEND = YES;
				GCC_C_LANGUAGE_STANDARD = gnu11;
				GCC_NO_COMMON_BLOCKS = YES;
				GCC_WARN_64_TO_32_BIT_CONVERSION = YES;
				GCC_WARN_ABOUT_RETURN_TYPE = YES_ERROR;
				GCC_WARN_UNDECLARED_SELECTOR = YES;
				GCC_WARN_UNINITIALIZED_AUTOS = YES_AGGRESSIVE;
				GCC_WARN_UNUSED_FUNCTION = YES;
				GCC_WARN_UNUSED_VARIABLE = YES;
				IPHONEOS_DEPLOYMENT_TARGET = 14.0;
				MTL_ENABLE_DEBUG_INFO = NO;
				MTL_FAST_MATH = YES;
				SDKROOT = iphoneos;
				SWIFT_COMPILATION_MODE = wholemodule;
				SWIFT_OPTIMIZATION_LEVEL = "-O";
				VALIDATE_PRODUCT = YES;
			};
			name = Release;
		};
		79526645251CDBAE009179C2 /* Debug */ = {
			isa = XCBuildConfiguration;
			baseConfigurationReference = 5E58729DC09486D6187D16CC /* Pods-apiLesson.debug.xcconfig */;
			buildSettings = {
				ASSETCATALOG_COMPILER_APPICON_NAME = AppIcon;
				ASSETCATALOG_COMPILER_GLOBAL_ACCENT_COLOR_NAME = AccentColor;
				CODE_SIGN_STYLE = Automatic;
				DEVELOPMENT_TEAM = 379294YDPQ;
				INFOPLIST_FILE = "apiLesson/Supported Files/Info.plist";
				LD_RUNPATH_SEARCH_PATHS = (
					"$(inherited)",
					"@executable_path/Frameworks",
				);
				PRODUCT_BUNDLE_IDENTIFIER = com.lessons.pattern.apiLesson;
				PRODUCT_NAME = "$(TARGET_NAME)";
				SWIFT_VERSION = 5.0;
				TARGETED_DEVICE_FAMILY = "1,2";
			};
			name = Debug;
		};
		79526646251CDBAE009179C2 /* Release */ = {
			isa = XCBuildConfiguration;
			baseConfigurationReference = FE67A351283EFE18E9433293 /* Pods-apiLesson.release.xcconfig */;
			buildSettings = {
				ASSETCATALOG_COMPILER_APPICON_NAME = AppIcon;
				ASSETCATALOG_COMPILER_GLOBAL_ACCENT_COLOR_NAME = AccentColor;
				CODE_SIGN_STYLE = Automatic;
				DEVELOPMENT_TEAM = 379294YDPQ;
				INFOPLIST_FILE = "apiLesson/Supported Files/Info.plist";
				LD_RUNPATH_SEARCH_PATHS = (
					"$(inherited)",
					"@executable_path/Frameworks",
				);
				PRODUCT_BUNDLE_IDENTIFIER = com.lessons.pattern.apiLesson;
				PRODUCT_NAME = "$(TARGET_NAME)";
				SWIFT_VERSION = 5.0;
				TARGETED_DEVICE_FAMILY = "1,2";
			};
			name = Release;
		};
/* End XCBuildConfiguration section */

/* Begin XCConfigurationList section */
		7952662B251CDBAA009179C2 /* Build configuration list for PBXProject "apiLesson" */ = {
			isa = XCConfigurationList;
			buildConfigurations = (
				79526642251CDBAE009179C2 /* Debug */,
				79526643251CDBAE009179C2 /* Release */,
			);
			defaultConfigurationIsVisible = 0;
			defaultConfigurationName = Release;
		};
		79526644251CDBAE009179C2 /* Build configuration list for PBXNativeTarget "apiLesson" */ = {
			isa = XCConfigurationList;
			buildConfigurations = (
				79526645251CDBAE009179C2 /* Debug */,
				79526646251CDBAE009179C2 /* Release */,
			);
			defaultConfigurationIsVisible = 0;
			defaultConfigurationName = Release;
		};
/* End XCConfigurationList section */
	};
	rootObject = 79526628251CDBAA009179C2 /* Project object */;
}
